<?xml version="1.0" encoding="utf-8"?>
<Project ToolsVersion="4.0" xmlns="http://schemas.microsoft.com/developer/msbuild/2003">
  <ItemGroup>
    <Filter Include="main">
      <UniqueIdentifier>{0ea477ac-78c7-486b-8d94-bd08e86235e2}</UniqueIdentifier>
    </Filter>
    <Filter Include="FileCopy">
      <UniqueIdentifier>{63a906b1-8eae-4870-ad80-ce2bca054662}</UniqueIdentifier>
    </Filter>
  </ItemGroup>
  <ItemGroup>
    <ClCompile Include="main.cpp">
      <Filter>main</Filter>
    </ClCompile>
    <ClCompile Include="TextComparator.cpp">
      <Filter>FileCopy</Filter>
    </ClCompile>
  </ItemGroup>
  <ItemGroup>
    <ClInclude Include="TextComparator.h">
      <Filter>FileCopy</Filter>
    </ClInclude>
  </ItemGroup>
</Project>